
Microsoft Visual Studio Solution File, Format Version 12.00
# Visual Studio Version 17
VisualStudioVersion = 17.10.35027.167
MinimumVisualStudioVersion = 10.0.40219.1
Project("{FAE04EC0-301F-11D3-BF4B-00C04F79EFBC}") = "WindowsFormsApp1", "WindowsFormsApp1\WindowsFormsApp1.csproj", "{4A4655E8-4B3F-44BA-9C5C-A22EC12C9CEC}"
EndProject
Global
	GlobalSection(SolutionConfigurationPlatforms) = preSolution
		Debug|Any CPU = Debug|Any CPU
		Release|Any CPU = Release|Any CPU
	EndGlobalSection
	GlobalSection(ProjectConfigurationPlatforms) = postSolution
		{4A4655E8-4B3F-44BA-9C5C-A22EC12C9CEC}.Debug|Any CPU.ActiveCfg = Debug|Any CPU
		{4A4655E8-4B3F-44BA-9C5C-A22EC12C9CEC}.Debug|Any CPU.Build.0 = Debug|Any CPU
		{4A4655E8-4B3F-44BA-9C5C-A22EC12C9CEC}.Release|Any CPU.ActiveCfg = Release|Any CPU
		{4A4655E8-4B3F-44BA-9C5C-A22EC12C9CEC}.Release|Any CPU.Build.0 = Release|Any CPU
	EndGlobalSection
	GlobalSection(SolutionProperties) = preSolution
		HideSolutionNode = FALSE
	EndGlobalSection
	GlobalSection(ExtensibilityGlobals) = postSolution
		SolutionGuid = {AD22EE7F-6C3D-434E-8A81-D626CD3FC348}
	EndGlobalSection
EndGlobal
